// !$*UTF8*$!
{
	archiveVersion = 1;
	classes = {
	};
	objectVersion = 56;
	objects = {

/* Begin PBXBuildFile section */
		4352191B6348881E63034148 /* Pods_ToDoListYandex.framework in Frameworks */ = {isa = PBXBuildFile; fileRef = 97415487150CCAEA839C46F2 /* Pods_ToDoListYandex.framework */; };
		5D0881CF2A4EFED5008F8058 /* FileCacheCSVTests.swift in Sources */ = {isa = PBXBuildFile; fileRef = 5D0881CE2A4EFED5008F8058 /* FileCacheCSVTests.swift */; };
		5D0881D12A4F0838008F8058 /* TaskViewController+ToDoListViewControllerProtocol.swift in Sources */ = {isa = PBXBuildFile; fileRef = 5D0881D02A4F0838008F8058 /* TaskViewController+ToDoListViewControllerProtocol.swift */; };
		5D0881D32A4F0965008F8058 /* TaskViewController+ConfigureView.swift in Sources */ = {isa = PBXBuildFile; fileRef = 5D0881D22A4F0965008F8058 /* TaskViewController+ConfigureView.swift */; };
		5D0881D52A4F0B62008F8058 /* TaskViewController+UserInteractions.swift in Sources */ = {isa = PBXBuildFile; fileRef = 5D0881D42A4F0B62008F8058 /* TaskViewController+UserInteractions.swift */; };
		5D0881D72A4F1801008F8058 /* FileCacheSavingToJSONTests.swift in Sources */ = {isa = PBXBuildFile; fileRef = 5D0881D62A4F1801008F8058 /* FileCacheSavingToJSONTests.swift */; };
		5D3E0F4A2A5376CF00506692 /* TaskViewControllerProtocol.swift in Sources */ = {isa = PBXBuildFile; fileRef = 5D3E0F492A5376CF00506692 /* TaskViewControllerProtocol.swift */; };
		5D3E0F4C2A53789300506692 /* Date+DateFormatter.swift in Sources */ = {isa = PBXBuildFile; fileRef = 5D3E0F4B2A53789300506692 /* Date+DateFormatter.swift */; };
		5D4394272A4FC8D30005EC2A /* FileCache in Frameworks */ = {isa = PBXBuildFile; productRef = 5D4394262A4FC8D30005EC2A /* FileCache */; };
		5DCCF1052A460F9000A15BE8 /* ColorPickerView.swift in Sources */ = {isa = PBXBuildFile; fileRef = 5DCCF1042A460F9000A15BE8 /* ColorPickerView.swift */; };
		5DCCF11D2A4A1C5C00A15BE8 /* TasksListViewController.swift in Sources */ = {isa = PBXBuildFile; fileRef = 5DCCF11C2A4A1C5C00A15BE8 /* TasksListViewController.swift */; };
		5DCCF11F2A4A261A00A15BE8 /* TasksTableViewDataSource.swift in Sources */ = {isa = PBXBuildFile; fileRef = 5DCCF11E2A4A261A00A15BE8 /* TasksTableViewDataSource.swift */; };
		5DCCF1212A4AF92900A15BE8 /* TaskTableViewCell.swift in Sources */ = {isa = PBXBuildFile; fileRef = 5DCCF1202A4AF92900A15BE8 /* TaskTableViewCell.swift */; };
		5DCCF12B2A4CC69F00A15BE8 /* TasksListInfoViewCell.swift in Sources */ = {isa = PBXBuildFile; fileRef = 5DCCF12A2A4CC69F00A15BE8 /* TasksListInfoViewCell.swift */; };
		5DCCF12D2A4CD7C400A15BE8 /* NewTaskTableViewCell.swift in Sources */ = {isa = PBXBuildFile; fileRef = 5DCCF12C2A4CD7C400A15BE8 /* NewTaskTableViewCell.swift */; };
		5DCCF12F2A4CED6800A15BE8 /* TasksTableViewDelegate.swift in Sources */ = {isa = PBXBuildFile; fileRef = 5DCCF12E2A4CED6800A15BE8 /* TasksTableViewDelegate.swift */; };
		5DCCF1312A4DFA5300A15BE8 /* TransitionAnimator.swift in Sources */ = {isa = PBXBuildFile; fileRef = 5DCCF1302A4DFA5300A15BE8 /* TransitionAnimator.swift */; };
		5DCCF1332A4DFABC00A15BE8 /* TasksListViewController+TransitionDelegate.swift in Sources */ = {isa = PBXBuildFile; fileRef = 5DCCF1322A4DFABC00A15BE8 /* TasksListViewController+TransitionDelegate.swift */; };
		5DCCF1352A4E452B00A15BE8 /* TaskViewController+ScreenOrientation.swift in Sources */ = {isa = PBXBuildFile; fileRef = 5DCCF1342A4E452B00A15BE8 /* TaskViewController+ScreenOrientation.swift */; };
		5DCCF1382A4E4A8900A15BE8 /* CocoaLumberjack in Frameworks */ = {isa = PBXBuildFile; productRef = 5DCCF1372A4E4A8900A15BE8 /* CocoaLumberjack */; };
		5DCCF13A2A4E4A8900A15BE8 /* CocoaLumberjackSwift in Frameworks */ = {isa = PBXBuildFile; productRef = 5DCCF1392A4E4A8900A15BE8 /* CocoaLumberjackSwift */; };
		850FCB112A385A890012EE52 /* AppDelegate.swift in Sources */ = {isa = PBXBuildFile; fileRef = 850FCB102A385A890012EE52 /* AppDelegate.swift */; };
		850FCB132A385A890012EE52 /* SceneDelegate.swift in Sources */ = {isa = PBXBuildFile; fileRef = 850FCB122A385A890012EE52 /* SceneDelegate.swift */; };
		850FCB1A2A385A8A0012EE52 /* Assets.xcassets in Resources */ = {isa = PBXBuildFile; fileRef = 850FCB192A385A8A0012EE52 /* Assets.xcassets */; };
		850FCB1D2A385A8A0012EE52 /* LaunchScreen.storyboard in Resources */ = {isa = PBXBuildFile; fileRef = 850FCB1B2A385A8A0012EE52 /* LaunchScreen.storyboard */; };
		850FCB382A3BBEB90012EE52 /* TodoItemJSONTests.swift in Sources */ = {isa = PBXBuildFile; fileRef = 850FCB372A3BBEB90012EE52 /* TodoItemJSONTests.swift */; };
		850FCB3A2A3BBEE10012EE52 /* TodoItemTests.swift in Sources */ = {isa = PBXBuildFile; fileRef = 850FCB392A3BBEE10012EE52 /* TodoItemTests.swift */; };
		850FCB3E2A3C83380012EE52 /* FileCacheTests.swift in Sources */ = {isa = PBXBuildFile; fileRef = 850FCB3D2A3C83380012EE52 /* FileCacheTests.swift */; };
		850FCB402A3CA7E00012EE52 /* Constants.swift in Sources */ = {isa = PBXBuildFile; fileRef = 850FCB3F2A3CA7E00012EE52 /* Constants.swift */; };
		850FCB442A3CBCBA0012EE52 /* TodoItemCSVTests.swift in Sources */ = {isa = PBXBuildFile; fileRef = 850FCB432A3CBCBA0012EE52 /* TodoItemCSVTests.swift */; };
		854B5E8D2A3FA793002AC531 /* TaskViewController.swift in Sources */ = {isa = PBXBuildFile; fileRef = 854B5E8C2A3FA793002AC531 /* TaskViewController.swift */; };
		856418F62A43554E009F601C /* TaskPresenter.swift in Sources */ = {isa = PBXBuildFile; fileRef = 856418F52A43554E009F601C /* TaskPresenter.swift */; };
		856418F82A459D65009F601C /* TaskViewController+UITextViewDelegate.swift in Sources */ = {isa = PBXBuildFile; fileRef = 856418F72A459D65009F601C /* TaskViewController+UITextViewDelegate.swift */; };
		856418FA2A459E2E009F601C /* TaskViewController+UICalendarSelectionSingleDateDelegate.swift in Sources */ = {isa = PBXBuildFile; fileRef = 856418F92A459E2E009F601C /* TaskViewController+UICalendarSelectionSingleDateDelegate.swift */; };
		856418FD2A45A2FD009F601C /* TaskPresenterProtocol.swift in Sources */ = {isa = PBXBuildFile; fileRef = 856418FC2A45A2FD009F601C /* TaskPresenterProtocol.swift */; };
		856419002A45AF05009F601C /* UIColor+Extension.swift in Sources */ = {isa = PBXBuildFile; fileRef = 856418FF2A45AF05009F601C /* UIColor+Extension.swift */; };
		856419032A45CF02009F601C /* SF-Pro-Text-Regular.otf in Resources */ = {isa = PBXBuildFile; fileRef = 856419022A45CF02009F601C /* SF-Pro-Text-Regular.otf */; };
		856419052A45D093009F601C /* SF-Pro-Text-Bold.otf in Resources */ = {isa = PBXBuildFile; fileRef = 856419042A45D093009F601C /* SF-Pro-Text-Bold.otf */; };
		856419072A45D28F009F601C /* SF-Pro-Text-Medium.otf in Resources */ = {isa = PBXBuildFile; fileRef = 856419062A45D28F009F601C /* SF-Pro-Text-Medium.otf */; };
		856419092A45D2F9009F601C /* SF-Pro-Text-Semibold.otf in Resources */ = {isa = PBXBuildFile; fileRef = 856419082A45D2F9009F601C /* SF-Pro-Text-Semibold.otf */; };
		8564190B2A45D3EA009F601C /* SF-Pro-Text-Thin.otf in Resources */ = {isa = PBXBuildFile; fileRef = 8564190A2A45D3EA009F601C /* SF-Pro-Text-Thin.otf */; };
		8564190D2A45D4EA009F601C /* UIFont+Extension.swift in Sources */ = {isa = PBXBuildFile; fileRef = 8564190C2A45D4EA009F601C /* UIFont+Extension.swift */; };
		C677FE847DE93D9BB4698D51 /* Pods_ToDoListYandexTests.framework in Frameworks */ = {isa = PBXBuildFile; fileRef = 33129C9B8BC487A5F832736F /* Pods_ToDoListYandexTests.framework */; };
/* End PBXBuildFile section */

/* Begin PBXContainerItemProxy section */
		850FCB302A3B86150012EE52 /* PBXContainerItemProxy */ = {
			isa = PBXContainerItemProxy;
			containerPortal = 850FCB052A385A890012EE52 /* Project object */;
			proxyType = 1;
			remoteGlobalIDString = 850FCB0C2A385A890012EE52;
			remoteInfo = ToDoListYandex;
		};
/* End PBXContainerItemProxy section */

/* Begin PBXFileReference section */
		00411940053A2E6BB56DEC20 /* Pods-ToDoListYandexTests.debug.xcconfig */ = {isa = PBXFileReference; includeInIndex = 1; lastKnownFileType = text.xcconfig; name = "Pods-ToDoListYandexTests.debug.xcconfig"; path = "Target Support Files/Pods-ToDoListYandexTests/Pods-ToDoListYandexTests.debug.xcconfig"; sourceTree = "<group>"; };
		33129C9B8BC487A5F832736F /* Pods_ToDoListYandexTests.framework */ = {isa = PBXFileReference; explicitFileType = wrapper.framework; includeInIndex = 0; path = Pods_ToDoListYandexTests.framework; sourceTree = BUILT_PRODUCTS_DIR; };
		55B2FEC8910F4741FBBB08B3 /* Pods-ToDoListYandex.release.xcconfig */ = {isa = PBXFileReference; includeInIndex = 1; lastKnownFileType = text.xcconfig; name = "Pods-ToDoListYandex.release.xcconfig"; path = "Target Support Files/Pods-ToDoListYandex/Pods-ToDoListYandex.release.xcconfig"; sourceTree = "<group>"; };
		5D0881CE2A4EFED5008F8058 /* FileCacheCSVTests.swift */ = {isa = PBXFileReference; lastKnownFileType = sourcecode.swift; path = FileCacheCSVTests.swift; sourceTree = "<group>"; };
		5D0881D02A4F0838008F8058 /* TaskViewController+ToDoListViewControllerProtocol.swift */ = {isa = PBXFileReference; lastKnownFileType = sourcecode.swift; path = "TaskViewController+ToDoListViewControllerProtocol.swift"; sourceTree = "<group>"; };
		5D0881D22A4F0965008F8058 /* TaskViewController+ConfigureView.swift */ = {isa = PBXFileReference; lastKnownFileType = sourcecode.swift; path = "TaskViewController+ConfigureView.swift"; sourceTree = "<group>"; };
		5D0881D42A4F0B62008F8058 /* TaskViewController+UserInteractions.swift */ = {isa = PBXFileReference; lastKnownFileType = sourcecode.swift; path = "TaskViewController+UserInteractions.swift"; sourceTree = "<group>"; };
		5D0881D62A4F1801008F8058 /* FileCacheSavingToJSONTests.swift */ = {isa = PBXFileReference; lastKnownFileType = sourcecode.swift; path = FileCacheSavingToJSONTests.swift; sourceTree = "<group>"; };
		5D3E0F492A5376CF00506692 /* TaskViewControllerProtocol.swift */ = {isa = PBXFileReference; lastKnownFileType = sourcecode.swift; path = TaskViewControllerProtocol.swift; sourceTree = "<group>"; };
		5D3E0F4B2A53789300506692 /* Date+DateFormatter.swift */ = {isa = PBXFileReference; lastKnownFileType = sourcecode.swift; path = "Date+DateFormatter.swift"; sourceTree = "<group>"; };
		5DCCF1042A460F9000A15BE8 /* ColorPickerView.swift */ = {isa = PBXFileReference; lastKnownFileType = sourcecode.swift; path = ColorPickerView.swift; sourceTree = "<group>"; };
		5DCCF11C2A4A1C5C00A15BE8 /* TasksListViewController.swift */ = {isa = PBXFileReference; lastKnownFileType = sourcecode.swift; path = TasksListViewController.swift; sourceTree = "<group>"; };
		5DCCF11E2A4A261A00A15BE8 /* TasksTableViewDataSource.swift */ = {isa = PBXFileReference; lastKnownFileType = sourcecode.swift; path = TasksTableViewDataSource.swift; sourceTree = "<group>"; };
		5DCCF1202A4AF92900A15BE8 /* TaskTableViewCell.swift */ = {isa = PBXFileReference; lastKnownFileType = sourcecode.swift; path = TaskTableViewCell.swift; sourceTree = "<group>"; };
		5DCCF12A2A4CC69F00A15BE8 /* TasksListInfoViewCell.swift */ = {isa = PBXFileReference; lastKnownFileType = sourcecode.swift; path = TasksListInfoViewCell.swift; sourceTree = "<group>"; };
		5DCCF12C2A4CD7C400A15BE8 /* NewTaskTableViewCell.swift */ = {isa = PBXFileReference; lastKnownFileType = sourcecode.swift; path = NewTaskTableViewCell.swift; sourceTree = "<group>"; };
		5DCCF12E2A4CED6800A15BE8 /* TasksTableViewDelegate.swift */ = {isa = PBXFileReference; lastKnownFileType = sourcecode.swift; path = TasksTableViewDelegate.swift; sourceTree = "<group>"; };
		5DCCF1302A4DFA5300A15BE8 /* TransitionAnimator.swift */ = {isa = PBXFileReference; lastKnownFileType = sourcecode.swift; path = TransitionAnimator.swift; sourceTree = "<group>"; };
		5DCCF1322A4DFABC00A15BE8 /* TasksListViewController+TransitionDelegate.swift */ = {isa = PBXFileReference; lastKnownFileType = sourcecode.swift; path = "TasksListViewController+TransitionDelegate.swift"; sourceTree = "<group>"; };
		5DCCF1342A4E452B00A15BE8 /* TaskViewController+ScreenOrientation.swift */ = {isa = PBXFileReference; lastKnownFileType = sourcecode.swift; path = "TaskViewController+ScreenOrientation.swift"; sourceTree = "<group>"; };
		850FCB0D2A385A890012EE52 /* ToDoListYandex.app */ = {isa = PBXFileReference; explicitFileType = wrapper.application; includeInIndex = 0; path = ToDoListYandex.app; sourceTree = BUILT_PRODUCTS_DIR; };
		850FCB102A385A890012EE52 /* AppDelegate.swift */ = {isa = PBXFileReference; lastKnownFileType = sourcecode.swift; path = AppDelegate.swift; sourceTree = "<group>"; };
		850FCB122A385A890012EE52 /* SceneDelegate.swift */ = {isa = PBXFileReference; lastKnownFileType = sourcecode.swift; path = SceneDelegate.swift; sourceTree = "<group>"; };
		850FCB192A385A8A0012EE52 /* Assets.xcassets */ = {isa = PBXFileReference; lastKnownFileType = folder.assetcatalog; path = Assets.xcassets; sourceTree = "<group>"; };
		850FCB1C2A385A8A0012EE52 /* Base */ = {isa = PBXFileReference; lastKnownFileType = file.storyboard; name = Base; path = Base.lproj/LaunchScreen.storyboard; sourceTree = "<group>"; };
		850FCB1E2A385A8A0012EE52 /* Info.plist */ = {isa = PBXFileReference; lastKnownFileType = text.plist.xml; path = Info.plist; sourceTree = "<group>"; };
		850FCB2C2A3B86150012EE52 /* ToDoListYandexTests.xctest */ = {isa = PBXFileReference; explicitFileType = wrapper.cfbundle; includeInIndex = 0; path = ToDoListYandexTests.xctest; sourceTree = BUILT_PRODUCTS_DIR; };
		850FCB372A3BBEB90012EE52 /* TodoItemJSONTests.swift */ = {isa = PBXFileReference; lastKnownFileType = sourcecode.swift; path = TodoItemJSONTests.swift; sourceTree = "<group>"; };
		850FCB392A3BBEE10012EE52 /* TodoItemTests.swift */ = {isa = PBXFileReference; lastKnownFileType = sourcecode.swift; path = TodoItemTests.swift; sourceTree = "<group>"; };
		850FCB3D2A3C83380012EE52 /* FileCacheTests.swift */ = {isa = PBXFileReference; lastKnownFileType = sourcecode.swift; path = FileCacheTests.swift; sourceTree = "<group>"; };
		850FCB3F2A3CA7E00012EE52 /* Constants.swift */ = {isa = PBXFileReference; lastKnownFileType = sourcecode.swift; path = Constants.swift; sourceTree = "<group>"; };
		850FCB432A3CBCBA0012EE52 /* TodoItemCSVTests.swift */ = {isa = PBXFileReference; lastKnownFileType = sourcecode.swift; path = TodoItemCSVTests.swift; sourceTree = "<group>"; };
		854B5E8C2A3FA793002AC531 /* TaskViewController.swift */ = {isa = PBXFileReference; lastKnownFileType = sourcecode.swift; path = TaskViewController.swift; sourceTree = "<group>"; };
		856418F52A43554E009F601C /* TaskPresenter.swift */ = {isa = PBXFileReference; lastKnownFileType = sourcecode.swift; path = TaskPresenter.swift; sourceTree = "<group>"; };
		856418F72A459D65009F601C /* TaskViewController+UITextViewDelegate.swift */ = {isa = PBXFileReference; lastKnownFileType = sourcecode.swift; path = "TaskViewController+UITextViewDelegate.swift"; sourceTree = "<group>"; };
		856418F92A459E2E009F601C /* TaskViewController+UICalendarSelectionSingleDateDelegate.swift */ = {isa = PBXFileReference; lastKnownFileType = sourcecode.swift; path = "TaskViewController+UICalendarSelectionSingleDateDelegate.swift"; sourceTree = "<group>"; };
		856418FC2A45A2FD009F601C /* TaskPresenterProtocol.swift */ = {isa = PBXFileReference; lastKnownFileType = sourcecode.swift; path = TaskPresenterProtocol.swift; sourceTree = "<group>"; };
		856418FF2A45AF05009F601C /* UIColor+Extension.swift */ = {isa = PBXFileReference; lastKnownFileType = sourcecode.swift; path = "UIColor+Extension.swift"; sourceTree = "<group>"; };
		856419022A45CF02009F601C /* SF-Pro-Text-Regular.otf */ = {isa = PBXFileReference; lastKnownFileType = file; path = "SF-Pro-Text-Regular.otf"; sourceTree = "<group>"; };
		856419042A45D093009F601C /* SF-Pro-Text-Bold.otf */ = {isa = PBXFileReference; lastKnownFileType = file; path = "SF-Pro-Text-Bold.otf"; sourceTree = "<group>"; };
		856419062A45D28F009F601C /* SF-Pro-Text-Medium.otf */ = {isa = PBXFileReference; lastKnownFileType = file; path = "SF-Pro-Text-Medium.otf"; sourceTree = "<group>"; };
		856419082A45D2F9009F601C /* SF-Pro-Text-Semibold.otf */ = {isa = PBXFileReference; lastKnownFileType = file; path = "SF-Pro-Text-Semibold.otf"; sourceTree = "<group>"; };
		8564190A2A45D3EA009F601C /* SF-Pro-Text-Thin.otf */ = {isa = PBXFileReference; lastKnownFileType = file; path = "SF-Pro-Text-Thin.otf"; sourceTree = "<group>"; };
		8564190C2A45D4EA009F601C /* UIFont+Extension.swift */ = {isa = PBXFileReference; lastKnownFileType = sourcecode.swift; path = "UIFont+Extension.swift"; sourceTree = "<group>"; };
		97415487150CCAEA839C46F2 /* Pods_ToDoListYandex.framework */ = {isa = PBXFileReference; explicitFileType = wrapper.framework; includeInIndex = 0; path = Pods_ToDoListYandex.framework; sourceTree = BUILT_PRODUCTS_DIR; };
		A60D668B9EC5686463B81258 /* Pods-ToDoListYandex.debug.xcconfig */ = {isa = PBXFileReference; includeInIndex = 1; lastKnownFileType = text.xcconfig; name = "Pods-ToDoListYandex.debug.xcconfig"; path = "Target Support Files/Pods-ToDoListYandex/Pods-ToDoListYandex.debug.xcconfig"; sourceTree = "<group>"; };
		E8AA7075B8A731DB0E083C5C /* Pods-ToDoListYandexTests.release.xcconfig */ = {isa = PBXFileReference; includeInIndex = 1; lastKnownFileType = text.xcconfig; name = "Pods-ToDoListYandexTests.release.xcconfig"; path = "Target Support Files/Pods-ToDoListYandexTests/Pods-ToDoListYandexTests.release.xcconfig"; sourceTree = "<group>"; };
/* End PBXFileReference section */

/* Begin PBXFrameworksBuildPhase section */
		850FCB0A2A385A890012EE52 /* Frameworks */ = {
			isa = PBXFrameworksBuildPhase;
			buildActionMask = 2147483647;
			files = (
				5DCCF13A2A4E4A8900A15BE8 /* CocoaLumberjackSwift in Frameworks */,
				5D4394272A4FC8D30005EC2A /* FileCache in Frameworks */,
				5DCCF1382A4E4A8900A15BE8 /* CocoaLumberjack in Frameworks */,
				4352191B6348881E63034148 /* Pods_ToDoListYandex.framework in Frameworks */,
			);
			runOnlyForDeploymentPostprocessing = 0;
		};
		850FCB292A3B86150012EE52 /* Frameworks */ = {
			isa = PBXFrameworksBuildPhase;
			buildActionMask = 2147483647;
			files = (
				C677FE847DE93D9BB4698D51 /* Pods_ToDoListYandexTests.framework in Frameworks */,
			);
			runOnlyForDeploymentPostprocessing = 0;
		};
/* End PBXFrameworksBuildPhase section */

/* Begin PBXGroup section */
		5D3E0F4D2A537B5C00506692 /* App */ = {
			isa = PBXGroup;
			children = (
				850FCB102A385A890012EE52 /* AppDelegate.swift */,
				850FCB122A385A890012EE52 /* SceneDelegate.swift */,
				850FCB192A385A8A0012EE52 /* Assets.xcassets */,
				850FCB1B2A385A8A0012EE52 /* LaunchScreen.storyboard */,
				850FCB1E2A385A8A0012EE52 /* Info.plist */,
				856419012A45CEEE009F601C /* fonts */,
			);
			path = App;
			sourceTree = "<group>";
		};
		5DCCF1032A45EC4400A15BE8 /* Resources */ = {
			isa = PBXGroup;
			children = (
				850FCB3F2A3CA7E00012EE52 /* Constants.swift */,
			);
			path = Resources;
			sourceTree = "<group>";
		};
		5DCCF1192A4A19F900A15BE8 /* TaskView */ = {
			isa = PBXGroup;
			children = (
				856418FB2A45A2E9009F601C /* Protocols */,
				856418F42A435539009F601C /* Presenter */,
				854B5E8B2A3FA772002AC531 /* View */,
			);
			path = TaskView;
			sourceTree = "<group>";
		};
		5DCCF11B2A4A1B1A00A15BE8 /* TasksListView */ = {
			isa = PBXGroup;
			children = (
				5DCCF1222A4B0C3E00A15BE8 /* View */,
			);
			path = TasksListView;
			sourceTree = "<group>";
		};
		5DCCF1222A4B0C3E00A15BE8 /* View */ = {
			isa = PBXGroup;
			children = (
				5DCCF12E2A4CED6800A15BE8 /* TasksTableViewDelegate.swift */,
				5DCCF11E2A4A261A00A15BE8 /* TasksTableViewDataSource.swift */,
				5DCCF11C2A4A1C5C00A15BE8 /* TasksListViewController.swift */,
				5DCCF1202A4AF92900A15BE8 /* TaskTableViewCell.swift */,
				5DCCF12A2A4CC69F00A15BE8 /* TasksListInfoViewCell.swift */,
				5DCCF12C2A4CD7C400A15BE8 /* NewTaskTableViewCell.swift */,
				5DCCF1302A4DFA5300A15BE8 /* TransitionAnimator.swift */,
				5DCCF1322A4DFABC00A15BE8 /* TasksListViewController+TransitionDelegate.swift */,
			);
			path = View;
			sourceTree = "<group>";
		};
		850FCB042A385A890012EE52 = {
			isa = PBXGroup;
			children = (
				850FCB0F2A385A890012EE52 /* ToDoListYandex */,
				850FCB2D2A3B86150012EE52 /* ToDoListYandexTests */,
				850FCB0E2A385A890012EE52 /* Products */,
				9EAEAD3116FE9B231675FA9D /* Pods */,
				A32A6022250A626C65747BD1 /* Frameworks */,
			);
			sourceTree = "<group>";
		};
		850FCB0E2A385A890012EE52 /* Products */ = {
			isa = PBXGroup;
			children = (
				850FCB0D2A385A890012EE52 /* ToDoListYandex.app */,
				850FCB2C2A3B86150012EE52 /* ToDoListYandexTests.xctest */,
			);
			name = Products;
			sourceTree = "<group>";
		};
		850FCB0F2A385A890012EE52 /* ToDoListYandex */ = {
			isa = PBXGroup;
			children = (
				5DCCF1032A45EC4400A15BE8 /* Resources */,
				856418FE2A45AEE1009F601C /* Extensions */,
				5DCCF11B2A4A1B1A00A15BE8 /* TasksListView */,
				5DCCF1192A4A19F900A15BE8 /* TaskView */,
				5D3E0F4D2A537B5C00506692 /* App */,
			);
			path = ToDoListYandex;
			sourceTree = "<group>";
		};
		850FCB2D2A3B86150012EE52 /* ToDoListYandexTests */ = {
			isa = PBXGroup;
			children = (
				850FCB372A3BBEB90012EE52 /* TodoItemJSONTests.swift */,
				850FCB392A3BBEE10012EE52 /* TodoItemTests.swift */,
				850FCB3D2A3C83380012EE52 /* FileCacheTests.swift */,
				850FCB432A3CBCBA0012EE52 /* TodoItemCSVTests.swift */,
				5D0881CE2A4EFED5008F8058 /* FileCacheCSVTests.swift */,
				5D0881D62A4F1801008F8058 /* FileCacheSavingToJSONTests.swift */,
			);
			path = ToDoListYandexTests;
			sourceTree = "<group>";
		};
		854B5E8B2A3FA772002AC531 /* View */ = {
			isa = PBXGroup;
			children = (
				5DCCF1042A460F9000A15BE8 /* ColorPickerView.swift */,
				854B5E8C2A3FA793002AC531 /* TaskViewController.swift */,
				856418F72A459D65009F601C /* TaskViewController+UITextViewDelegate.swift */,
				856418F92A459E2E009F601C /* TaskViewController+UICalendarSelectionSingleDateDelegate.swift */,
				5DCCF1342A4E452B00A15BE8 /* TaskViewController+ScreenOrientation.swift */,
				5D0881D02A4F0838008F8058 /* TaskViewController+ToDoListViewControllerProtocol.swift */,
				5D0881D22A4F0965008F8058 /* TaskViewController+ConfigureView.swift */,
				5D0881D42A4F0B62008F8058 /* TaskViewController+UserInteractions.swift */,
			);
			path = View;
			sourceTree = "<group>";
		};
		856418F42A435539009F601C /* Presenter */ = {
			isa = PBXGroup;
			children = (
				856418F52A43554E009F601C /* TaskPresenter.swift */,
			);
			path = Presenter;
			sourceTree = "<group>";
		};
		856418FB2A45A2E9009F601C /* Protocols */ = {
			isa = PBXGroup;
			children = (
				856418FC2A45A2FD009F601C /* TaskPresenterProtocol.swift */,
				5D3E0F492A5376CF00506692 /* TaskViewControllerProtocol.swift */,
			);
			path = Protocols;
			sourceTree = "<group>";
		};
		856418FE2A45AEE1009F601C /* Extensions */ = {
			isa = PBXGroup;
			children = (
				856418FF2A45AF05009F601C /* UIColor+Extension.swift */,
				8564190C2A45D4EA009F601C /* UIFont+Extension.swift */,
				5D3E0F4B2A53789300506692 /* Date+DateFormatter.swift */,
			);
			path = Extensions;
			sourceTree = "<group>";
		};
		856419012A45CEEE009F601C /* fonts */ = {
			isa = PBXGroup;
			children = (
				856419042A45D093009F601C /* SF-Pro-Text-Bold.otf */,
				856419022A45CF02009F601C /* SF-Pro-Text-Regular.otf */,
				856419062A45D28F009F601C /* SF-Pro-Text-Medium.otf */,
				856419082A45D2F9009F601C /* SF-Pro-Text-Semibold.otf */,
				8564190A2A45D3EA009F601C /* SF-Pro-Text-Thin.otf */,
			);
			path = fonts;
			sourceTree = "<group>";
		};
		9EAEAD3116FE9B231675FA9D /* Pods */ = {
			isa = PBXGroup;
			children = (
				A60D668B9EC5686463B81258 /* Pods-ToDoListYandex.debug.xcconfig */,
				55B2FEC8910F4741FBBB08B3 /* Pods-ToDoListYandex.release.xcconfig */,
				00411940053A2E6BB56DEC20 /* Pods-ToDoListYandexTests.debug.xcconfig */,
				E8AA7075B8A731DB0E083C5C /* Pods-ToDoListYandexTests.release.xcconfig */,
			);
			path = Pods;
			sourceTree = "<group>";
		};
		A32A6022250A626C65747BD1 /* Frameworks */ = {
			isa = PBXGroup;
			children = (
				97415487150CCAEA839C46F2 /* Pods_ToDoListYandex.framework */,
				33129C9B8BC487A5F832736F /* Pods_ToDoListYandexTests.framework */,
			);
			name = Frameworks;
			sourceTree = "<group>";
		};
/* End PBXGroup section */

/* Begin PBXNativeTarget section */
		850FCB0C2A385A890012EE52 /* ToDoListYandex */ = {
			isa = PBXNativeTarget;
			buildConfigurationList = 850FCB212A385A8A0012EE52 /* Build configuration list for PBXNativeTarget "ToDoListYandex" */;
			buildPhases = (
				E9259BA25BD929718C0596FA /* [CP] Check Pods Manifest.lock */,
				850FCB092A385A890012EE52 /* Sources */,
				850FCB0A2A385A890012EE52 /* Frameworks */,
				850FCB0B2A385A890012EE52 /* Resources */,
				5D0881CD2A4E668D008F8058 /* SwiftLint */,
			);
			buildRules = (
			);
			dependencies = (
			);
			name = ToDoListYandex;
			packageProductDependencies = (
				5DCCF1372A4E4A8900A15BE8 /* CocoaLumberjack */,
				5DCCF1392A4E4A8900A15BE8 /* CocoaLumberjackSwift */,
				5D4394262A4FC8D30005EC2A /* FileCache */,
			);
			productName = ToDoListYandex;
			productReference = 850FCB0D2A385A890012EE52 /* ToDoListYandex.app */;
			productType = "com.apple.product-type.application";
		};
		850FCB2B2A3B86150012EE52 /* ToDoListYandexTests */ = {
			isa = PBXNativeTarget;
			buildConfigurationList = 850FCB322A3B86150012EE52 /* Build configuration list for PBXNativeTarget "ToDoListYandexTests" */;
			buildPhases = (
				95A05E6D6757B461CC05AE82 /* [CP] Check Pods Manifest.lock */,
				850FCB282A3B86150012EE52 /* Sources */,
				850FCB292A3B86150012EE52 /* Frameworks */,
				850FCB2A2A3B86150012EE52 /* Resources */,
			);
			buildRules = (
			);
			dependencies = (
				850FCB312A3B86150012EE52 /* PBXTargetDependency */,
			);
			name = ToDoListYandexTests;
			productName = ToDoListYandexTests;
			productReference = 850FCB2C2A3B86150012EE52 /* ToDoListYandexTests.xctest */;
			productType = "com.apple.product-type.bundle.unit-test";
		};
/* End PBXNativeTarget section */

/* Begin PBXProject section */
		850FCB052A385A890012EE52 /* Project object */ = {
			isa = PBXProject;
			attributes = {
				BuildIndependentTargetsInParallel = 1;
				LastSwiftUpdateCheck = 1420;
				LastUpgradeCheck = 1420;
				TargetAttributes = {
					850FCB0C2A385A890012EE52 = {
						CreatedOnToolsVersion = 14.2;
					};
					850FCB2B2A3B86150012EE52 = {
						CreatedOnToolsVersion = 14.2;
						TestTargetID = 850FCB0C2A385A890012EE52;
					};
				};
			};
			buildConfigurationList = 850FCB082A385A890012EE52 /* Build configuration list for PBXProject "ToDoListYandex" */;
			compatibilityVersion = "Xcode 14.0";
			developmentRegion = en;
			hasScannedForEncodings = 0;
			knownRegions = (
				en,
				Base,
			);
			mainGroup = 850FCB042A385A890012EE52;
			packageReferences = (
				5DCCF1362A4E4A8900A15BE8 /* XCRemoteSwiftPackageReference "CocoaLumberjack" */,
				5D4394252A4FC8D30005EC2A /* XCRemoteSwiftPackageReference "FileCache" */,
			);
			productRefGroup = 850FCB0E2A385A890012EE52 /* Products */;
			projectDirPath = "";
			projectRoot = "";
			targets = (
				850FCB0C2A385A890012EE52 /* ToDoListYandex */,
				850FCB2B2A3B86150012EE52 /* ToDoListYandexTests */,
			);
		};
/* End PBXProject section */

/* Begin PBXResourcesBuildPhase section */
		850FCB0B2A385A890012EE52 /* Resources */ = {
			isa = PBXResourcesBuildPhase;
			buildActionMask = 2147483647;
			files = (
				856419092A45D2F9009F601C /* SF-Pro-Text-Semibold.otf in Resources */,
				856419032A45CF02009F601C /* SF-Pro-Text-Regular.otf in Resources */,
				850FCB1D2A385A8A0012EE52 /* LaunchScreen.storyboard in Resources */,
				856419052A45D093009F601C /* SF-Pro-Text-Bold.otf in Resources */,
				856419072A45D28F009F601C /* SF-Pro-Text-Medium.otf in Resources */,
				8564190B2A45D3EA009F601C /* SF-Pro-Text-Thin.otf in Resources */,
				850FCB1A2A385A8A0012EE52 /* Assets.xcassets in Resources */,
			);
			runOnlyForDeploymentPostprocessing = 0;
		};
		850FCB2A2A3B86150012EE52 /* Resources */ = {
			isa = PBXResourcesBuildPhase;
			buildActionMask = 2147483647;
			files = (
			);
			runOnlyForDeploymentPostprocessing = 0;
		};
/* End PBXResourcesBuildPhase section */

/* Begin PBXShellScriptBuildPhase section */
		5D0881CD2A4E668D008F8058 /* SwiftLint */ = {
			isa = PBXShellScriptBuildPhase;
			alwaysOutOfDate = 1;
			buildActionMask = 2147483647;
			files = (
			);
			inputFileListPaths = (
			);
			inputPaths = (
			);
			name = SwiftLint;
			outputFileListPaths = (
			);
			outputPaths = (
			);
			runOnlyForDeploymentPostprocessing = 0;
			shellPath = /bin/sh;
			shellScript = "if [[ \"$(uname -m)\" == arm64 ]]; then\n    export PATH=\"/opt/homebrew/bin:$PATH\"\nfi\n\nif which swiftlint > /dev/null; then\n  swiftlint\nelse\n  echo \"warning: SwiftLint not installed, download from https://github.com/realm/SwiftLint\"\nfi\n";
		};
		95A05E6D6757B461CC05AE82 /* [CP] Check Pods Manifest.lock */ = {
			isa = PBXShellScriptBuildPhase;
			buildActionMask = 2147483647;
			files = (
			);
			inputFileListPaths = (
			);
			inputPaths = (
				"${PODS_PODFILE_DIR_PATH}/Podfile.lock",
				"${PODS_ROOT}/Manifest.lock",
			);
			name = "[CP] Check Pods Manifest.lock";
			outputFileListPaths = (
			);
			outputPaths = (
				"$(DERIVED_FILE_DIR)/Pods-ToDoListYandexTests-checkManifestLockResult.txt",
			);
			runOnlyForDeploymentPostprocessing = 0;
			shellPath = /bin/sh;
			shellScript = "diff \"${PODS_PODFILE_DIR_PATH}/Podfile.lock\" \"${PODS_ROOT}/Manifest.lock\" > /dev/null\nif [ $? != 0 ] ; then\n    # print error to STDERR\n    echo \"error: The sandbox is not in sync with the Podfile.lock. Run 'pod install' or update your CocoaPods installation.\" >&2\n    exit 1\nfi\n# This output is used by Xcode 'outputs' to avoid re-running this script phase.\necho \"SUCCESS\" > \"${SCRIPT_OUTPUT_FILE_0}\"\n";
			showEnvVarsInLog = 0;
		};
		E9259BA25BD929718C0596FA /* [CP] Check Pods Manifest.lock */ = {
			isa = PBXShellScriptBuildPhase;
			buildActionMask = 2147483647;
			files = (
			);
			inputFileListPaths = (
			);
			inputPaths = (
				"${PODS_PODFILE_DIR_PATH}/Podfile.lock",
				"${PODS_ROOT}/Manifest.lock",
			);
			name = "[CP] Check Pods Manifest.lock";
			outputFileListPaths = (
			);
			outputPaths = (
				"$(DERIVED_FILE_DIR)/Pods-ToDoListYandex-checkManifestLockResult.txt",
			);
			runOnlyForDeploymentPostprocessing = 0;
			shellPath = /bin/sh;
			shellScript = "diff \"${PODS_PODFILE_DIR_PATH}/Podfile.lock\" \"${PODS_ROOT}/Manifest.lock\" > /dev/null\nif [ $? != 0 ] ; then\n    # print error to STDERR\n    echo \"error: The sandbox is not in sync with the Podfile.lock. Run 'pod install' or update your CocoaPods installation.\" >&2\n    exit 1\nfi\n# This output is used by Xcode 'outputs' to avoid re-running this script phase.\necho \"SUCCESS\" > \"${SCRIPT_OUTPUT_FILE_0}\"\n";
			showEnvVarsInLog = 0;
		};
/* End PBXShellScriptBuildPhase section */

/* Begin PBXSourcesBuildPhase section */
		850FCB092A385A890012EE52 /* Sources */ = {
			isa = PBXSourcesBuildPhase;
			buildActionMask = 2147483647;
			files = (
				856418F62A43554E009F601C /* TaskPresenter.swift in Sources */,
				5D0881D32A4F0965008F8058 /* TaskViewController+ConfigureView.swift in Sources */,
				5D0881D52A4F0B62008F8058 /* TaskViewController+UserInteractions.swift in Sources */,
				5DCCF1312A4DFA5300A15BE8 /* TransitionAnimator.swift in Sources */,
				856418FA2A459E2E009F601C /* TaskViewController+UICalendarSelectionSingleDateDelegate.swift in Sources */,
				856418F82A459D65009F601C /* TaskViewController+UITextViewDelegate.swift in Sources */,
				5D3E0F4A2A5376CF00506692 /* TaskViewControllerProtocol.swift in Sources */,
				5DCCF11D2A4A1C5C00A15BE8 /* TasksListViewController.swift in Sources */,
				856418FD2A45A2FD009F601C /* TaskPresenterProtocol.swift in Sources */,
				850FCB112A385A890012EE52 /* AppDelegate.swift in Sources */,
				850FCB132A385A890012EE52 /* SceneDelegate.swift in Sources */,
				5DCCF1052A460F9000A15BE8 /* ColorPickerView.swift in Sources */,
				856419002A45AF05009F601C /* UIColor+Extension.swift in Sources */,
				5DCCF1212A4AF92900A15BE8 /* TaskTableViewCell.swift in Sources */,
				5DCCF1332A4DFABC00A15BE8 /* TasksListViewController+TransitionDelegate.swift in Sources */,
				850FCB402A3CA7E00012EE52 /* Constants.swift in Sources */,
				5D0881D12A4F0838008F8058 /* TaskViewController+ToDoListViewControllerProtocol.swift in Sources */,
				5DCCF11F2A4A261A00A15BE8 /* TasksTableViewDataSource.swift in Sources */,
				5DCCF12D2A4CD7C400A15BE8 /* NewTaskTableViewCell.swift in Sources */,
				5DCCF1352A4E452B00A15BE8 /* TaskViewController+ScreenOrientation.swift in Sources */,
				5D3E0F4C2A53789300506692 /* Date+DateFormatter.swift in Sources */,
				5DCCF12B2A4CC69F00A15BE8 /* TasksListInfoViewCell.swift in Sources */,
				854B5E8D2A3FA793002AC531 /* TaskViewController.swift in Sources */,
				5DCCF12F2A4CED6800A15BE8 /* TasksTableViewDelegate.swift in Sources */,
				8564190D2A45D4EA009F601C /* UIFont+Extension.swift in Sources */,
			);
			runOnlyForDeploymentPostprocessing = 0;
		};
		850FCB282A3B86150012EE52 /* Sources */ = {
			isa = PBXSourcesBuildPhase;
			buildActionMask = 2147483647;
			files = (
				5D0881D72A4F1801008F8058 /* FileCacheSavingToJSONTests.swift in Sources */,
				850FCB382A3BBEB90012EE52 /* TodoItemJSONTests.swift in Sources */,
				850FCB442A3CBCBA0012EE52 /* TodoItemCSVTests.swift in Sources */,
				850FCB3A2A3BBEE10012EE52 /* TodoItemTests.swift in Sources */,
				5D0881CF2A4EFED5008F8058 /* FileCacheCSVTests.swift in Sources */,
				850FCB3E2A3C83380012EE52 /* FileCacheTests.swift in Sources */,
			);
			runOnlyForDeploymentPostprocessing = 0;
		};
/* End PBXSourcesBuildPhase section */

/* Begin PBXTargetDependency section */
		850FCB312A3B86150012EE52 /* PBXTargetDependency */ = {
			isa = PBXTargetDependency;
			target = 850FCB0C2A385A890012EE52 /* ToDoListYandex */;
			targetProxy = 850FCB302A3B86150012EE52 /* PBXContainerItemProxy */;
		};
/* End PBXTargetDependency section */

/* Begin PBXVariantGroup section */
		850FCB1B2A385A8A0012EE52 /* LaunchScreen.storyboard */ = {
			isa = PBXVariantGroup;
			children = (
				850FCB1C2A385A8A0012EE52 /* Base */,
			);
			name = LaunchScreen.storyboard;
			sourceTree = "<group>";
		};
/* End PBXVariantGroup section */

/* Begin XCBuildConfiguration section */
		850FCB1F2A385A8A0012EE52 /* Debug */ = {
			isa = XCBuildConfiguration;
			buildSettings = {
				ALWAYS_SEARCH_USER_PATHS = NO;
				CLANG_ANALYZER_NONNULL = YES;
				CLANG_ANALYZER_NUMBER_OBJECT_CONVERSION = YES_AGGRESSIVE;
				CLANG_CXX_LANGUAGE_STANDARD = "gnu++20";
				CLANG_ENABLE_MODULES = YES;
				CLANG_ENABLE_OBJC_ARC = YES;
				CLANG_ENABLE_OBJC_WEAK = YES;
				CLANG_WARN_BLOCK_CAPTURE_AUTORELEASING = YES;
				CLANG_WARN_BOOL_CONVERSION = YES;
				CLANG_WARN_COMMA = YES;
				CLANG_WARN_CONSTANT_CONVERSION = YES;
				CLANG_WARN_DEPRECATED_OBJC_IMPLEMENTATIONS = YES;
				CLANG_WARN_DIRECT_OBJC_ISA_USAGE = YES_ERROR;
				CLANG_WARN_DOCUMENTATION_COMMENTS = YES;
				CLANG_WARN_EMPTY_BODY = YES;
				CLANG_WARN_ENUM_CONVERSION = YES;
				CLANG_WARN_INFINITE_RECURSION = YES;
				CLANG_WARN_INT_CONVERSION = YES;
				CLANG_WARN_NON_LITERAL_NULL_CONVERSION = YES;
				CLANG_WARN_OBJC_IMPLICIT_RETAIN_SELF = YES;
				CLANG_WARN_OBJC_LITERAL_CONVERSION = YES;
				CLANG_WARN_OBJC_ROOT_CLASS = YES_ERROR;
				CLANG_WARN_QUOTED_INCLUDE_IN_FRAMEWORK_HEADER = YES;
				CLANG_WARN_RANGE_LOOP_ANALYSIS = YES;
				CLANG_WARN_STRICT_PROTOTYPES = YES;
				CLANG_WARN_SUSPICIOUS_MOVE = YES;
				CLANG_WARN_UNGUARDED_AVAILABILITY = YES_AGGRESSIVE;
				CLANG_WARN_UNREACHABLE_CODE = YES;
				CLANG_WARN__DUPLICATE_METHOD_MATCH = YES;
				COPY_PHASE_STRIP = NO;
				DEBUG_INFORMATION_FORMAT = dwarf;
				ENABLE_STRICT_OBJC_MSGSEND = YES;
				ENABLE_TESTABILITY = YES;
				GCC_C_LANGUAGE_STANDARD = gnu11;
				GCC_DYNAMIC_NO_PIC = NO;
				GCC_NO_COMMON_BLOCKS = YES;
				GCC_OPTIMIZATION_LEVEL = 0;
				GCC_PREPROCESSOR_DEFINITIONS = (
					"DEBUG=1",
					"$(inherited)",
				);
				GCC_WARN_64_TO_32_BIT_CONVERSION = YES;
				GCC_WARN_ABOUT_RETURN_TYPE = YES_ERROR;
				GCC_WARN_UNDECLARED_SELECTOR = YES;
				GCC_WARN_UNINITIALIZED_AUTOS = YES_AGGRESSIVE;
				GCC_WARN_UNUSED_FUNCTION = YES;
				GCC_WARN_UNUSED_VARIABLE = YES;
				IPHONEOS_DEPLOYMENT_TARGET = 16.2;
				MTL_ENABLE_DEBUG_INFO = INCLUDE_SOURCE;
				MTL_FAST_MATH = YES;
				ONLY_ACTIVE_ARCH = YES;
				SDKROOT = iphoneos;
				SWIFT_ACTIVE_COMPILATION_CONDITIONS = DEBUG;
				SWIFT_OPTIMIZATION_LEVEL = "-Onone";
			};
			name = Debug;
		};
		850FCB202A385A8A0012EE52 /* Release */ = {
			isa = XCBuildConfiguration;
			buildSettings = {
				ALWAYS_SEARCH_USER_PATHS = NO;
				CLANG_ANALYZER_NONNULL = YES;
				CLANG_ANALYZER_NUMBER_OBJECT_CONVERSION = YES_AGGRESSIVE;
				CLANG_CXX_LANGUAGE_STANDARD = "gnu++20";
				CLANG_ENABLE_MODULES = YES;
				CLANG_ENABLE_OBJC_ARC = YES;
				CLANG_ENABLE_OBJC_WEAK = YES;
				CLANG_WARN_BLOCK_CAPTURE_AUTORELEASING = YES;
				CLANG_WARN_BOOL_CONVERSION = YES;
				CLANG_WARN_COMMA = YES;
				CLANG_WARN_CONSTANT_CONVERSION = YES;
				CLANG_WARN_DEPRECATED_OBJC_IMPLEMENTATIONS = YES;
				CLANG_WARN_DIRECT_OBJC_ISA_USAGE = YES_ERROR;
				CLANG_WARN_DOCUMENTATION_COMMENTS = YES;
				CLANG_WARN_EMPTY_BODY = YES;
				CLANG_WARN_ENUM_CONVERSION = YES;
				CLANG_WARN_INFINITE_RECURSION = YES;
				CLANG_WARN_INT_CONVERSION = YES;
				CLANG_WARN_NON_LITERAL_NULL_CONVERSION = YES;
				CLANG_WARN_OBJC_IMPLICIT_RETAIN_SELF = YES;
				CLANG_WARN_OBJC_LITERAL_CONVERSION = YES;
				CLANG_WARN_OBJC_ROOT_CLASS = YES_ERROR;
				CLANG_WARN_QUOTED_INCLUDE_IN_FRAMEWORK_HEADER = YES;
				CLANG_WARN_RANGE_LOOP_ANALYSIS = YES;
				CLANG_WARN_STRICT_PROTOTYPES = YES;
				CLANG_WARN_SUSPICIOUS_MOVE = YES;
				CLANG_WARN_UNGUARDED_AVAILABILITY = YES_AGGRESSIVE;
				CLANG_WARN_UNREACHABLE_CODE = YES;
				CLANG_WARN__DUPLICATE_METHOD_MATCH = YES;
				COPY_PHASE_STRIP = NO;
				DEBUG_INFORMATION_FORMAT = "dwarf-with-dsym";
				ENABLE_NS_ASSERTIONS = NO;
				ENABLE_STRICT_OBJC_MSGSEND = YES;
				GCC_C_LANGUAGE_STANDARD = gnu11;
				GCC_NO_COMMON_BLOCKS = YES;
				GCC_WARN_64_TO_32_BIT_CONVERSION = YES;
				GCC_WARN_ABOUT_RETURN_TYPE = YES_ERROR;
				GCC_WARN_UNDECLARED_SELECTOR = YES;
				GCC_WARN_UNINITIALIZED_AUTOS = YES_AGGRESSIVE;
				GCC_WARN_UNUSED_FUNCTION = YES;
				GCC_WARN_UNUSED_VARIABLE = YES;
				IPHONEOS_DEPLOYMENT_TARGET = 16.2;
				MTL_ENABLE_DEBUG_INFO = NO;
				MTL_FAST_MATH = YES;
				SDKROOT = iphoneos;
				SWIFT_COMPILATION_MODE = wholemodule;
				SWIFT_OPTIMIZATION_LEVEL = "-O";
				VALIDATE_PRODUCT = YES;
			};
			name = Release;
		};
		850FCB222A385A8A0012EE52 /* Debug */ = {
			isa = XCBuildConfiguration;
			baseConfigurationReference = A60D668B9EC5686463B81258 /* Pods-ToDoListYandex.debug.xcconfig */;
			buildSettings = {
				ASSETCATALOG_COMPILER_APPICON_NAME = AppIcon;
				ASSETCATALOG_COMPILER_GLOBAL_ACCENT_COLOR_NAME = AccentColor;
				CODE_SIGN_STYLE = Automatic;
				CURRENT_PROJECT_VERSION = 1;
				DEVELOPMENT_TEAM = 8QQ2UAQU6U;
				GENERATE_INFOPLIST_FILE = YES;
				INFOPLIST_FILE = ToDoListYandex/Info.plist;
				INFOPLIST_KEY_UIApplicationSupportsIndirectInputEvents = YES;
				INFOPLIST_KEY_UILaunchStoryboardName = LaunchScreen;
				INFOPLIST_KEY_UIMainStoryboardFile = "";
				INFOPLIST_KEY_UISupportedInterfaceOrientations_iPad = "UIInterfaceOrientationPortrait UIInterfaceOrientationPortraitUpsideDown UIInterfaceOrientationLandscapeLeft UIInterfaceOrientationLandscapeRight";
				INFOPLIST_KEY_UISupportedInterfaceOrientations_iPhone = "UIInterfaceOrientationPortrait UIInterfaceOrientationLandscapeLeft UIInterfaceOrientationLandscapeRight";
				IPHONEOS_DEPLOYMENT_TARGET = 16.0;
				LD_RUNPATH_SEARCH_PATHS = (
					"$(inherited)",
					"@executable_path/Frameworks",
				);
				MARKETING_VERSION = 1.0;
				PRODUCT_BUNDLE_IDENTIFIER = asharapenko.ToDoListYandex;
				PRODUCT_NAME = "$(TARGET_NAME)";
				SWIFT_EMIT_LOC_STRINGS = YES;
				SWIFT_VERSION = 5.0;
				TARGETED_DEVICE_FAMILY = "1,2";
			};
			name = Debug;
		};
		850FCB232A385A8A0012EE52 /* Release */ = {
			isa = XCBuildConfiguration;
			baseConfigurationReference = 55B2FEC8910F4741FBBB08B3 /* Pods-ToDoListYandex.release.xcconfig */;
			buildSettings = {
				ASSETCATALOG_COMPILER_APPICON_NAME = AppIcon;
				ASSETCATALOG_COMPILER_GLOBAL_ACCENT_COLOR_NAME = AccentColor;
				CODE_SIGN_STYLE = Automatic;
				CURRENT_PROJECT_VERSION = 1;
				DEVELOPMENT_TEAM = 8QQ2UAQU6U;
				GENERATE_INFOPLIST_FILE = YES;
				INFOPLIST_FILE = ToDoListYandex/Info.plist;
				INFOPLIST_KEY_UIApplicationSupportsIndirectInputEvents = YES;
				INFOPLIST_KEY_UILaunchStoryboardName = LaunchScreen;
				INFOPLIST_KEY_UIMainStoryboardFile = "";
				INFOPLIST_KEY_UISupportedInterfaceOrientations_iPad = "UIInterfaceOrientationPortrait UIInterfaceOrientationPortraitUpsideDown UIInterfaceOrientationLandscapeLeft UIInterfaceOrientationLandscapeRight";
				INFOPLIST_KEY_UISupportedInterfaceOrientations_iPhone = "UIInterfaceOrientationPortrait UIInterfaceOrientationLandscapeLeft UIInterfaceOrientationLandscapeRight";
				IPHONEOS_DEPLOYMENT_TARGET = 16.0;
				LD_RUNPATH_SEARCH_PATHS = (
					"$(inherited)",
					"@executable_path/Frameworks",
				);
				MARKETING_VERSION = 1.0;
				PRODUCT_BUNDLE_IDENTIFIER = asharapenko.ToDoListYandex;
				PRODUCT_NAME = "$(TARGET_NAME)";
				SWIFT_EMIT_LOC_STRINGS = YES;
				SWIFT_VERSION = 5.0;
				TARGETED_DEVICE_FAMILY = "1,2";
			};
			name = Release;
		};
		850FCB332A3B86150012EE52 /* Debug */ = {
			isa = XCBuildConfiguration;
			baseConfigurationReference = 00411940053A2E6BB56DEC20 /* Pods-ToDoListYandexTests.debug.xcconfig */;
			buildSettings = {
				BUNDLE_LOADER = "$(TEST_HOST)";
				CODE_SIGN_STYLE = Automatic;
				CURRENT_PROJECT_VERSION = 1;
				DEVELOPMENT_TEAM = "";
				GENERATE_INFOPLIST_FILE = YES;
				IPHONEOS_DEPLOYMENT_TARGET = 16.0;
				MACOSX_DEPLOYMENT_TARGET = 13.0;
				MARKETING_VERSION = 1.0;
				PRODUCT_BUNDLE_IDENTIFIER = asharapenko.ToDoListYandexTests;
				PRODUCT_NAME = "$(TARGET_NAME)";
				SDKROOT = auto;
				SUPPORTED_PLATFORMS = "iphoneos iphonesimulator macosx";
				SWIFT_EMIT_LOC_STRINGS = NO;
				SWIFT_VERSION = 5.0;
				TARGETED_DEVICE_FAMILY = "1,2";
				TEST_HOST = "$(BUILT_PRODUCTS_DIR)/ToDoListYandex.app/$(BUNDLE_EXECUTABLE_FOLDER_PATH)/ToDoListYandex";
			};
			name = Debug;
		};
		850FCB342A3B86150012EE52 /* Release */ = {
			isa = XCBuildConfiguration;
			baseConfigurationReference = E8AA7075B8A731DB0E083C5C /* Pods-ToDoListYandexTests.release.xcconfig */;
			buildSettings = {
				BUNDLE_LOADER = "$(TEST_HOST)";
				CODE_SIGN_STYLE = Automatic;
				CURRENT_PROJECT_VERSION = 1;
				DEVELOPMENT_TEAM = "";
				GENERATE_INFOPLIST_FILE = YES;
				IPHONEOS_DEPLOYMENT_TARGET = 16.0;
				MACOSX_DEPLOYMENT_TARGET = 13.0;
				MARKETING_VERSION = 1.0;
				PRODUCT_BUNDLE_IDENTIFIER = asharapenko.ToDoListYandexTests;
				PRODUCT_NAME = "$(TARGET_NAME)";
				SDKROOT = auto;
				SUPPORTED_PLATFORMS = "iphoneos iphonesimulator macosx";
				SWIFT_EMIT_LOC_STRINGS = NO;
				SWIFT_VERSION = 5.0;
				TARGETED_DEVICE_FAMILY = "1,2";
				TEST_HOST = "$(BUILT_PRODUCTS_DIR)/ToDoListYandex.app/$(BUNDLE_EXECUTABLE_FOLDER_PATH)/ToDoListYandex";
			};
			name = Release;
		};
/* End XCBuildConfiguration section */

/* Begin XCConfigurationList section */
		850FCB082A385A890012EE52 /* Build configuration list for PBXProject "ToDoListYandex" */ = {
			isa = XCConfigurationList;
			buildConfigurations = (
				850FCB1F2A385A8A0012EE52 /* Debug */,
				850FCB202A385A8A0012EE52 /* Release */,
			);
			defaultConfigurationIsVisible = 0;
			defaultConfigurationName = Release;
		};
		850FCB212A385A8A0012EE52 /* Build configuration list for PBXNativeTarget "ToDoListYandex" */ = {
			isa = XCConfigurationList;
			buildConfigurations = (
				850FCB222A385A8A0012EE52 /* Debug */,
				850FCB232A385A8A0012EE52 /* Release */,
			);
			defaultConfigurationIsVisible = 0;
			defaultConfigurationName = Release;
		};
		850FCB322A3B86150012EE52 /* Build configuration list for PBXNativeTarget "ToDoListYandexTests" */ = {
			isa = XCConfigurationList;
			buildConfigurations = (
				850FCB332A3B86150012EE52 /* Debug */,
				850FCB342A3B86150012EE52 /* Release */,
			);
			defaultConfigurationIsVisible = 0;
			defaultConfigurationName = Release;
		};
/* End XCConfigurationList section */

/* Begin XCRemoteSwiftPackageReference section */
		5D4394252A4FC8D30005EC2A /* XCRemoteSwiftPackageReference "FileCache" */ = {
			isa = XCRemoteSwiftPackageReference;
			repositoryURL = "https://github.com/Anastasia1944/FileCache.git";
			requirement = {
				branch = main;
				kind = branch;
			};
		};
		5DCCF1362A4E4A8900A15BE8 /* XCRemoteSwiftPackageReference "CocoaLumberjack" */ = {
			isa = XCRemoteSwiftPackageReference;
			repositoryURL = "https://github.com/CocoaLumberjack/CocoaLumberjack.git";
			requirement = {
				kind = upToNextMajorVersion;
				minimumVersion = 3.0.0;
			};
		};
/* End XCRemoteSwiftPackageReference section */

/* Begin XCSwiftPackageProductDependency section */
		5D4394262A4FC8D30005EC2A /* FileCache */ = {
			isa = XCSwiftPackageProductDependency;
			package = 5D4394252A4FC8D30005EC2A /* XCRemoteSwiftPackageReference "FileCache" */;
			productName = FileCache;
		};
		5DCCF1372A4E4A8900A15BE8 /* CocoaLumberjack */ = {
			isa = XCSwiftPackageProductDependency;
			package = 5DCCF1362A4E4A8900A15BE8 /* XCRemoteSwiftPackageReference "CocoaLumberjack" */;
			productName = CocoaLumberjack;
		};
		5DCCF1392A4E4A8900A15BE8 /* CocoaLumberjackSwift */ = {
			isa = XCSwiftPackageProductDependency;
			package = 5DCCF1362A4E4A8900A15BE8 /* XCRemoteSwiftPackageReference "CocoaLumberjack" */;
			productName = CocoaLumberjackSwift;
		};
/* End XCSwiftPackageProductDependency section */
	};
	rootObject = 850FCB052A385A890012EE52 /* Project object */;
}
